
Microsoft Visual Studio Solution File, Format Version 12.00
# Visual Studio Version 17
VisualStudioVersion = 17.5.33530.505
MinimumVisualStudioVersion = 10.0.40219.1
Project("{FAE04EC0-301F-11D3-BF4B-00C04F79EFBC}") = "Test text extraction", "Test text extraction.csproj", "{2516C776-9769-4F0D-9FDE-8839CA844343}"
EndProject
Global
	GlobalSection(SolutionConfigurationPlatforms) = preSolution
		Debug|Any CPU = Debug|Any CPU
		Release|Any CPU = Release|Any CPU
	EndGlobalSection
	GlobalSection(ProjectConfigurationPlatforms) = postSolution
		{2516C776-9769-4F0D-9FDE-8839CA844343}.Debug|Any CPU.ActiveCfg = Debug|Any CPU
		{2516C776-9769-4F0D-9FDE-8839CA844343}.Debug|Any CPU.Build.0 = Debug|Any CPU
		{2516C776-9769-4F0D-9FDE-8839CA844343}.Release|Any CPU.ActiveCfg = Release|Any CPU
		{2516C776-9769-4F0D-9FDE-8839CA844343}.Release|Any CPU.Build.0 = Release|Any CPU
	EndGlobalSection
	GlobalSection(SolutionProperties) = preSolution
		HideSolutionNode = FALSE
	EndGlobalSection
	GlobalSection(ExtensibilityGlobals) = postSolution
		SolutionGuid = {DD4AA1BC-0996-4392-8C67-9B8EBF843520}
	EndGlobalSection
EndGlobal
