
Microsoft Visual Studio Solution File, Format Version 12.00
# Visual Studio Version 17
VisualStudioVersion = 17.5.33530.505
MinimumVisualStudioVersion = 10.0.40219.1
Project("{FAE04EC0-301F-11D3-BF4B-00C04F79EFBC}") = "image-to-binary-converter", "image-to-binary-converter.csproj", "{AD543872-26EE-4FAB-97E6-F3F4DD6C7401}"
EndProject
Global
	GlobalSection(SolutionConfigurationPlatforms) = preSolution
		Debug|Any CPU = Debug|Any CPU
		Release|Any CPU = Release|Any CPU
	EndGlobalSection
	GlobalSection(ProjectConfigurationPlatforms) = postSolution
		{AD543872-26EE-4FAB-97E6-F3F4DD6C7401}.Debug|Any CPU.ActiveCfg = Debug|Any CPU
		{AD543872-26EE-4FAB-97E6-F3F4DD6C7401}.Debug|Any CPU.Build.0 = Debug|Any CPU
		{AD543872-26EE-4FAB-97E6-F3F4DD6C7401}.Release|Any CPU.ActiveCfg = Release|Any CPU
		{AD543872-26EE-4FAB-97E6-F3F4DD6C7401}.Release|Any CPU.Build.0 = Release|Any CPU
	EndGlobalSection
	GlobalSection(SolutionProperties) = preSolution
		HideSolutionNode = FALSE
	EndGlobalSection
	GlobalSection(ExtensibilityGlobals) = postSolution
		SolutionGuid = {8B8DFFCB-381A-4658-88C9-1D3A987885B4}
	EndGlobalSection
EndGlobal
